
Microsoft Visual Studio Solution File, Format Version 12.00
# Visual Studio Version 17
VisualStudioVersion = 17.13.35806.99 d17.13
MinimumVisualStudioVersion = 10.0.40219.1
Project("{FAE04EC0-301F-11D3-BF4B-00C04F79EFBC}") = "Assignment", "Assignment\Assignment.csproj", "{AB368E58-32AE-4FE9-9C45-DEE339C416AE}"
EndProject
Project("{FAE04EC0-301F-11D3-BF4B-00C04F79EFBC}") = "Demo", "Demo\Demo.csproj", "{E476C125-6F2A-4B2A-A2F5-5722484A9948}"
EndProject
Global
	GlobalSection(SolutionConfigurationPlatforms) = preSolution
		Debug|Any CPU = Debug|Any CPU
		Release|Any CPU = Release|Any CPU
	EndGlobalSection
	GlobalSection(ProjectConfigurationPlatforms) = postSolution
		{AB368E58-32AE-4FE9-9C45-DEE339C416AE}.Debug|Any CPU.ActiveCfg = Debug|Any CPU
		{AB368E58-32AE-4FE9-9C45-DEE339C416AE}.Debug|Any CPU.Build.0 = Debug|Any CPU
		{AB368E58-32AE-4FE9-9C45-DEE339C416AE}.Release|Any CPU.ActiveCfg = Release|Any CPU
		{AB368E58-32AE-4FE9-9C45-DEE339C416AE}.Release|Any CPU.Build.0 = Release|Any CPU
		{E476C125-6F2A-4B2A-A2F5-5722484A9948}.Debug|Any CPU.ActiveCfg = Debug|Any CPU
		{E476C125-6F2A-4B2A-A2F5-5722484A9948}.Debug|Any CPU.Build.0 = Debug|Any CPU
		{E476C125-6F2A-4B2A-A2F5-5722484A9948}.Release|Any CPU.ActiveCfg = Release|Any CPU
		{E476C125-6F2A-4B2A-A2F5-5722484A9948}.Release|Any CPU.Build.0 = Release|Any CPU
	EndGlobalSection
	GlobalSection(SolutionProperties) = preSolution
		HideSolutionNode = FALSE
	EndGlobalSection
	GlobalSection(ExtensibilityGlobals) = postSolution
		SolutionGuid = {BF74A1D6-3C03-42F5-853F-FF2A8BA9705E}
	EndGlobalSection
EndGlobal
